
Microsoft Visual Studio Solution File, Format Version 12.00
# Visual Studio 15
VisualStudioVersion = 15.0.27428.2015
MinimumVisualStudioVersion = 10.0.40219.1
Project("{FAE04EC0-301F-11D3-BF4B-00C04F79EFBC}") = "Formulae", "Formulae\Formulae.csproj", "{4A4EF280-FCC5-4958-A6EF-6302DFB0A804}"
EndProject
Project("{9A19103F-16F7-4668-BE54-9A1E7A4F7556}") = "FormulaeTests", "FormulaeTests\FormulaeTests.csproj", "{3C8124EB-55F7-49DF-99CD-03637F2E099E}"
EndProject
Project("{9A19103F-16F7-4668-BE54-9A1E7A4F7556}") = "_build", "build\_build.csproj", "{35DAA75C-3C15-48D3-A5FE-9EC36B0E4A36}"
EndProject
Global
	GlobalSection(SolutionConfigurationPlatforms) = preSolution
		Debug|Any CPU = Debug|Any CPU
		Release|Any CPU = Release|Any CPU
	EndGlobalSection
	GlobalSection(ProjectConfigurationPlatforms) = postSolution
		{35DAA75C-3C15-48D3-A5FE-9EC36B0E4A36}.Debug|Any CPU.ActiveCfg = Debug|Any CPU
		{35DAA75C-3C15-48D3-A5FE-9EC36B0E4A36}.Release|Any CPU.ActiveCfg = Release|Any CPU
		{4A4EF280-FCC5-4958-A6EF-6302DFB0A804}.Debug|Any CPU.ActiveCfg = Debug|Any CPU
		{4A4EF280-FCC5-4958-A6EF-6302DFB0A804}.Debug|Any CPU.Build.0 = Debug|Any CPU
		{4A4EF280-FCC5-4958-A6EF-6302DFB0A804}.Release|Any CPU.ActiveCfg = Release|Any CPU
		{4A4EF280-FCC5-4958-A6EF-6302DFB0A804}.Release|Any CPU.Build.0 = Release|Any CPU
		{3C8124EB-55F7-49DF-99CD-03637F2E099E}.Debug|Any CPU.ActiveCfg = Debug|Any CPU
		{3C8124EB-55F7-49DF-99CD-03637F2E099E}.Debug|Any CPU.Build.0 = Debug|Any CPU
		{3C8124EB-55F7-49DF-99CD-03637F2E099E}.Release|Any CPU.ActiveCfg = Release|Any CPU
		{3C8124EB-55F7-49DF-99CD-03637F2E099E}.Release|Any CPU.Build.0 = Release|Any CPU
	EndGlobalSection
	GlobalSection(SolutionProperties) = preSolution
		HideSolutionNode = FALSE
	EndGlobalSection
	GlobalSection(ExtensibilityGlobals) = postSolution
		SolutionGuid = {C0B0A595-1F96-4C2E-86AB-A4737AA468B2}
	EndGlobalSection
EndGlobal
